
Microsoft Visual Studio Solution File, Format Version 12.00
# Visual Studio Version 17
VisualStudioVersion = 17.9.34701.34
MinimumVisualStudioVersion = 10.0.40219.1
Project("{FAE04EC0-301F-11D3-BF4B-00C04F79EFBC}") = "PruebaToDoList.Server", "PruebaToDoList\Server\PruebaToDoList.Server.csproj", "{9EE422A2-CEEA-4857-B722-A515D04BBAEF}"
EndProject
Project("{FAE04EC0-301F-11D3-BF4B-00C04F79EFBC}") = "PruebaToDoList.Client", "PruebaToDoList\Client\PruebaToDoList.Client.csproj", "{1636ACDD-BA77-46BF-8432-6178B1F88018}"
EndProject
Project("{FAE04EC0-301F-11D3-BF4B-00C04F79EFBC}") = "PruebaToDoList.Shared", "PruebaToDoList\Shared\PruebaToDoList.Shared.csproj", "{94AD6C8C-5F59-4803-BD26-25569D357317}"
EndProject
Global
	GlobalSection(SolutionConfigurationPlatforms) = preSolution
		Debug|Any CPU = Debug|Any CPU
		Release|Any CPU = Release|Any CPU
	EndGlobalSection
	GlobalSection(ProjectConfigurationPlatforms) = postSolution
		{9EE422A2-CEEA-4857-B722-A515D04BBAEF}.Debug|Any CPU.ActiveCfg = Debug|Any CPU
		{9EE422A2-CEEA-4857-B722-A515D04BBAEF}.Debug|Any CPU.Build.0 = Debug|Any CPU
		{9EE422A2-CEEA-4857-B722-A515D04BBAEF}.Release|Any CPU.ActiveCfg = Release|Any CPU
		{9EE422A2-CEEA-4857-B722-A515D04BBAEF}.Release|Any CPU.Build.0 = Release|Any CPU
		{1636ACDD-BA77-46BF-8432-6178B1F88018}.Debug|Any CPU.ActiveCfg = Debug|Any CPU
		{1636ACDD-BA77-46BF-8432-6178B1F88018}.Debug|Any CPU.Build.0 = Debug|Any CPU
		{1636ACDD-BA77-46BF-8432-6178B1F88018}.Release|Any CPU.ActiveCfg = Release|Any CPU
		{1636ACDD-BA77-46BF-8432-6178B1F88018}.Release|Any CPU.Build.0 = Release|Any CPU
		{94AD6C8C-5F59-4803-BD26-25569D357317}.Debug|Any CPU.ActiveCfg = Debug|Any CPU
		{94AD6C8C-5F59-4803-BD26-25569D357317}.Debug|Any CPU.Build.0 = Debug|Any CPU
		{94AD6C8C-5F59-4803-BD26-25569D357317}.Release|Any CPU.ActiveCfg = Release|Any CPU
		{94AD6C8C-5F59-4803-BD26-25569D357317}.Release|Any CPU.Build.0 = Release|Any CPU
	EndGlobalSection
	GlobalSection(SolutionProperties) = preSolution
		HideSolutionNode = FALSE
	EndGlobalSection
	GlobalSection(ExtensibilityGlobals) = postSolution
		SolutionGuid = {21915CD7-99AF-42FC-A066-E6ECADB366D0}
	EndGlobalSection
EndGlobal
